
Microsoft Visual Studio Solution File, Format Version 12.00
# Visual Studio 15
VisualStudioVersion = 15.0.27130.2026
MinimumVisualStudioVersion = 10.0.40219.1
Project("{FAE04EC0-301F-11D3-BF4B-00C04F79EFBC}") = "App1.Android", "App1\App1.Android\App1.Android.csproj", "{479F962A-533A-4EB0-B52A-9F3A1D23C65B}"
EndProject
Project("{FAE04EC0-301F-11D3-BF4B-00C04F79EFBC}") = "App1.iOS", "App1\App1.iOS\App1.iOS.csproj", "{969F9F73-601A-4C38-B0BA-F13937D6019B}"
EndProject
Project("{FAE04EC0-301F-11D3-BF4B-00C04F79EFBC}") = "App1.UWP", "App1\App1.UWP\App1.UWP.csproj", "{90116C65-F65A-4322-84FD-927B66AD8CB4}"
EndProject
Project("{D954291E-2A0B-460D-934E-DC6B0785DB48}") = "App1", "App1\App1\App1.shproj", "{2B6A101F-AB53-4533-9E8F-8B68C82C5FDF}"
EndProject
Global
	GlobalSection(SharedMSBuildProjectFiles) = preSolution
		App1\App1\App1.projitems*{2b6a101f-ab53-4533-9e8f-8b68c82c5fdf}*SharedItemsImports = 13
		App1\App1\App1.projitems*{479f962a-533a-4eb0-b52a-9f3a1d23c65b}*SharedItemsImports = 4
		App1\App1\App1.projitems*{90116c65-f65a-4322-84fd-927b66ad8cb4}*SharedItemsImports = 4
		App1\App1\App1.projitems*{969f9f73-601a-4c38-b0ba-f13937d6019b}*SharedItemsImports = 4
	EndGlobalSection
	GlobalSection(SolutionConfigurationPlatforms) = preSolution
		Ad-Hoc|Any CPU = Ad-Hoc|Any CPU
		Ad-Hoc|ARM = Ad-Hoc|ARM
		Ad-Hoc|iPhone = Ad-Hoc|iPhone
		Ad-Hoc|iPhoneSimulator = Ad-Hoc|iPhoneSimulator
		Ad-Hoc|x64 = Ad-Hoc|x64
		Ad-Hoc|x86 = Ad-Hoc|x86
		AppStore|Any CPU = AppStore|Any CPU
		AppStore|ARM = AppStore|ARM
		AppStore|iPhone = AppStore|iPhone
		AppStore|iPhoneSimulator = AppStore|iPhoneSimulator
		AppStore|x64 = AppStore|x64
		AppStore|x86 = AppStore|x86
		Debug|Any CPU = Debug|Any CPU
		Debug|ARM = Debug|ARM
		Debug|iPhone = Debug|iPhone
		Debug|iPhoneSimulator = Debug|iPhoneSimulator
		Debug|x64 = Debug|x64
		Debug|x86 = Debug|x86
		Release|Any CPU = Release|Any CPU
		Release|ARM = Release|ARM
		Release|iPhone = Release|iPhone
		Release|iPhoneSimulator = Release|iPhoneSimulator
		Release|x64 = Release|x64
		Release|x86 = Release|x86
	EndGlobalSection
	GlobalSection(ProjectConfigurationPlatforms) = postSolution
		{479F962A-533A-4EB0-B52A-9F3A1D23C65B}.Ad-Hoc|Any CPU.ActiveCfg = Release|Any CPU
		{479F962A-533A-4EB0-B52A-9F3A1D23C65B}.Ad-Hoc|Any CPU.Build.0 = Release|Any CPU
		{479F962A-533A-4EB0-B52A-9F3A1D23C65B}.Ad-Hoc|Any CPU.Deploy.0 = Release|Any CPU
		{479F962A-533A-4EB0-B52A-9F3A1D23C65B}.Ad-Hoc|ARM.ActiveCfg = Release|Any CPU
		{479F962A-533A-4EB0-B52A-9F3A1D23C65B}.Ad-Hoc|ARM.Build.0 = Release|Any CPU
		{479F962A-533A-4EB0-B52A-9F3A1D23C65B}.Ad-Hoc|ARM.Deploy.0 = Release|Any CPU
		{479F962A-533A-4EB0-B52A-9F3A1D23C65B}.Ad-Hoc|iPhone.ActiveCfg = Release|Any CPU
		{479F962A-533A-4EB0-B52A-9F3A1D23C65B}.Ad-Hoc|iPhone.Build.0 = Release|Any CPU
		{479F962A-533A-4EB0-B52A-9F3A1D23C65B}.Ad-Hoc|iPhone.Deploy.0 = Release|Any CPU
		{479F962A-533A-4EB0-B52A-9F3A1D23C65B}.Ad-Hoc|iPhoneSimulator.ActiveCfg = Release|Any CPU
		{479F962A-533A-4EB0-B52A-9F3A1D23C65B}.Ad-Hoc|iPhoneSimulator.Build.0 = Release|Any CPU
		{479F962A-533A-4EB0-B52A-9F3A1D23C65B}.Ad-Hoc|iPhoneSimulator.Deploy.0 = Release|Any CPU
		{479F962A-533A-4EB0-B52A-9F3A1D23C65B}.Ad-Hoc|x64.ActiveCfg = Release|Any CPU
		{479F962A-533A-4EB0-B52A-9F3A1D23C65B}.Ad-Hoc|x64.Build.0 = Release|Any CPU
		{479F962A-533A-4EB0-B52A-9F3A1D23C65B}.Ad-Hoc|x64.Deploy.0 = Release|Any CPU
		{479F962A-533A-4EB0-B52A-9F3A1D23C65B}.Ad-Hoc|x86.ActiveCfg = Release|Any CPU
		{479F962A-533A-4EB0-B52A-9F3A1D23C65B}.Ad-Hoc|x86.Build.0 = Release|Any CPU
		{479F962A-533A-4EB0-B52A-9F3A1D23C65B}.Ad-Hoc|x86.Deploy.0 = Release|Any CPU
		{479F962A-533A-4EB0-B52A-9F3A1D23C65B}.AppStore|Any CPU.ActiveCfg = Release|Any CPU
		{479F962A-533A-4EB0-B52A-9F3A1D23C65B}.AppStore|Any CPU.Build.0 = Release|Any CPU
		{479F962A-533A-4EB0-B52A-9F3A1D23C65B}.AppStore|Any CPU.Deploy.0 = Release|Any CPU
		{479F962A-533A-4EB0-B52A-9F3A1D23C65B}.AppStore|ARM.ActiveCfg = Release|Any CPU
		{479F962A-533A-4EB0-B52A-9F3A1D23C65B}.AppStore|ARM.Build.0 = Release|Any CPU
		{479F962A-533A-4EB0-B52A-9F3A1D23C65B}.AppStore|ARM.Deploy.0 = Release|Any CPU
		{479F962A-533A-4EB0-B52A-9F3A1D23C65B}.AppStore|iPhone.ActiveCfg = Release|Any CPU
		{479F962A-533A-4EB0-B52A-9F3A1D23C65B}.AppStore|iPhone.Build.0 = Release|Any CPU
		{479F962A-533A-4EB0-B52A-9F3A1D23C65B}.AppStore|iPhone.Deploy.0 = Release|Any CPU
		{479F962A-533A-4EB0-B52A-9F3A1D23C65B}.AppStore|iPhoneSimulator.ActiveCfg = Release|Any CPU
		{479F962A-533A-4EB0-B52A-9F3A1D23C65B}.AppStore|iPhoneSimulator.Build.0 = Release|Any CPU
		{479F962A-533A-4EB0-B52A-9F3A1D23C65B}.AppStore|iPhoneSimulator.Deploy.0 = Release|Any CPU
		{479F962A-533A-4EB0-B52A-9F3A1D23C65B}.AppStore|x64.ActiveCfg = Release|Any CPU
		{479F962A-533A-4EB0-B52A-9F3A1D23C65B}.AppStore|x64.Build.0 = Release|Any CPU
		{479F962A-533A-4EB0-B52A-9F3A1D23C65B}.AppStore|x64.Deploy.0 = Release|Any CPU
		{479F962A-533A-4EB0-B52A-9F3A1D23C65B}.AppStore|x86.ActiveCfg = Release|Any CPU
		{479F962A-533A-4EB0-B52A-9F3A1D23C65B}.AppStore|x86.Build.0 = Release|Any CPU
		{479F962A-533A-4EB0-B52A-9F3A1D23C65B}.AppStore|x86.Deploy.0 = Release|Any CPU
		{479F962A-533A-4EB0-B52A-9F3A1D23C65B}.Debug|Any CPU.ActiveCfg = Debug|Any CPU
		{479F962A-533A-4EB0-B52A-9F3A1D23C65B}.Debug|Any CPU.Build.0 = Debug|Any CPU
		{479F962A-533A-4EB0-B52A-9F3A1D23C65B}.Debug|Any CPU.Deploy.0 = Debug|Any CPU
		{479F962A-533A-4EB0-B52A-9F3A1D23C65B}.Debug|ARM.ActiveCfg = Debug|Any CPU
		{479F962A-533A-4EB0-B52A-9F3A1D23C65B}.Debug|ARM.Build.0 = Debug|Any CPU
		{479F962A-533A-4EB0-B52A-9F3A1D23C65B}.Debug|ARM.Deploy.0 = Debug|Any CPU
		{479F962A-533A-4EB0-B52A-9F3A1D23C65B}.Debug|iPhone.ActiveCfg = Debug|Any CPU
		{479F962A-533A-4EB0-B52A-9F3A1D23C65B}.Debug|iPhone.Build.0 = Debug|Any CPU
		{479F962A-533A-4EB0-B52A-9F3A1D23C65B}.Debug|iPhone.Deploy.0 = Debug|Any CPU
		{479F962A-533A-4EB0-B52A-9F3A1D23C65B}.Debug|iPhoneSimulator.ActiveCfg = Debug|Any CPU
		{479F962A-533A-4EB0-B52A-9F3A1D23C65B}.Debug|iPhoneSimulator.Build.0 = Debug|Any CPU
		{479F962A-533A-4EB0-B52A-9F3A1D23C65B}.Debug|iPhoneSimulator.Deploy.0 = Debug|Any CPU
		{479F962A-533A-4EB0-B52A-9F3A1D23C65B}.Debug|x64.ActiveCfg = Debug|Any CPU
		{479F962A-533A-4EB0-B52A-9F3A1D23C65B}.Debug|x64.Build.0 = Debug|Any CPU
		{479F962A-533A-4EB0-B52A-9F3A1D23C65B}.Debug|x64.Deploy.0 = Debug|Any CPU
		{479F962A-533A-4EB0-B52A-9F3A1D23C65B}.Debug|x86.ActiveCfg = Debug|Any CPU
		{479F962A-533A-4EB0-B52A-9F3A1D23C65B}.Debug|x86.Build.0 = Debug|Any CPU
		{479F962A-533A-4EB0-B52A-9F3A1D23C65B}.Debug|x86.Deploy.0 = Debug|Any CPU
		{479F962A-533A-4EB0-B52A-9F3A1D23C65B}.Release|Any CPU.ActiveCfg = Release|Any CPU
		{479F962A-533A-4EB0-B52A-9F3A1D23C65B}.Release|Any CPU.Build.0 = Release|Any CPU
		{479F962A-533A-4EB0-B52A-9F3A1D23C65B}.Release|Any CPU.Deploy.0 = Release|Any CPU
		{479F962A-533A-4EB0-B52A-9F3A1D23C65B}.Release|ARM.ActiveCfg = Release|Any CPU
		{479F962A-533A-4EB0-B52A-9F3A1D23C65B}.Release|ARM.Build.0 = Release|Any CPU
		{479F962A-533A-4EB0-B52A-9F3A1D23C65B}.Release|ARM.Deploy.0 = Release|Any CPU
		{479F962A-533A-4EB0-B52A-9F3A1D23C65B}.Release|iPhone.ActiveCfg = Release|Any CPU
		{479F962A-533A-4EB0-B52A-9F3A1D23C65B}.Release|iPhone.Build.0 = Release|Any CPU
		{479F962A-533A-4EB0-B52A-9F3A1D23C65B}.Release|iPhone.Deploy.0 = Release|Any CPU
		{479F962A-533A-4EB0-B52A-9F3A1D23C65B}.Release|iPhoneSimulator.ActiveCfg = Release|Any CPU
		{479F962A-533A-4EB0-B52A-9F3A1D23C65B}.Release|iPhoneSimulator.Build.0 = Release|Any CPU
		{479F962A-533A-4EB0-B52A-9F3A1D23C65B}.Release|iPhoneSimulator.Deploy.0 = Release|Any CPU
		{479F962A-533A-4EB0-B52A-9F3A1D23C65B}.Release|x64.ActiveCfg = Release|Any CPU
		{479F962A-533A-4EB0-B52A-9F3A1D23C65B}.Release|x64.Build.0 = Release|Any CPU
		{479F962A-533A-4EB0-B52A-9F3A1D23C65B}.Release|x64.Deploy.0 = Release|Any CPU
		{479F962A-533A-4EB0-B52A-9F3A1D23C65B}.Release|x86.ActiveCfg = Release|Any CPU
		{479F962A-533A-4EB0-B52A-9F3A1D23C65B}.Release|x86.Build.0 = Release|Any CPU
		{479F962A-533A-4EB0-B52A-9F3A1D23C65B}.Release|x86.Deploy.0 = Release|Any CPU
		{969F9F73-601A-4C38-B0BA-F13937D6019B}.Ad-Hoc|Any CPU.ActiveCfg = Ad-Hoc|iPhone
		{969F9F73-601A-4C38-B0BA-F13937D6019B}.Ad-Hoc|ARM.ActiveCfg = Ad-Hoc|iPhone
		{969F9F73-601A-4C38-B0BA-F13937D6019B}.Ad-Hoc|iPhone.ActiveCfg = Ad-Hoc|iPhone
		{969F9F73-601A-4C38-B0BA-F13937D6019B}.Ad-Hoc|iPhone.Build.0 = Ad-Hoc|iPhone
		{969F9F73-601A-4C38-B0BA-F13937D6019B}.Ad-Hoc|iPhoneSimulator.ActiveCfg = Ad-Hoc|iPhoneSimulator
		{969F9F73-601A-4C38-B0BA-F13937D6019B}.Ad-Hoc|iPhoneSimulator.Build.0 = Ad-Hoc|iPhoneSimulator
		{969F9F73-601A-4C38-B0BA-F13937D6019B}.Ad-Hoc|x64.ActiveCfg = Ad-Hoc|iPhone
		{969F9F73-601A-4C38-B0BA-F13937D6019B}.Ad-Hoc|x86.ActiveCfg = Ad-Hoc|iPhone
		{969F9F73-601A-4C38-B0BA-F13937D6019B}.AppStore|Any CPU.ActiveCfg = AppStore|iPhone
		{969F9F73-601A-4C38-B0BA-F13937D6019B}.AppStore|ARM.ActiveCfg = AppStore|iPhone
		{969F9F73-601A-4C38-B0BA-F13937D6019B}.AppStore|iPhone.ActiveCfg = AppStore|iPhone
		{969F9F73-601A-4C38-B0BA-F13937D6019B}.AppStore|iPhone.Build.0 = AppStore|iPhone
		{969F9F73-601A-4C38-B0BA-F13937D6019B}.AppStore|iPhoneSimulator.ActiveCfg = AppStore|iPhoneSimulator
		{969F9F73-601A-4C38-B0BA-F13937D6019B}.AppStore|iPhoneSimulator.Build.0 = AppStore|iPhoneSimulator
		{969F9F73-601A-4C38-B0BA-F13937D6019B}.AppStore|x64.ActiveCfg = AppStore|iPhone
		{969F9F73-601A-4C38-B0BA-F13937D6019B}.AppStore|x86.ActiveCfg = AppStore|iPhone
		{969F9F73-601A-4C38-B0BA-F13937D6019B}.Debug|Any CPU.ActiveCfg = Debug|iPhone
		{969F9F73-601A-4C38-B0BA-F13937D6019B}.Debug|ARM.ActiveCfg = Debug|iPhone
		{969F9F73-601A-4C38-B0BA-F13937D6019B}.Debug|iPhone.ActiveCfg = Debug|iPhone
		{969F9F73-601A-4C38-B0BA-F13937D6019B}.Debug|iPhone.Build.0 = Debug|iPhone
		{969F9F73-601A-4C38-B0BA-F13937D6019B}.Debug|iPhoneSimulator.ActiveCfg = Debug|iPhoneSimulator
		{969F9F73-601A-4C38-B0BA-F13937D6019B}.Debug|iPhoneSimulator.Build.0 = Debug|iPhoneSimulator
		{969F9F73-601A-4C38-B0BA-F13937D6019B}.Debug|x64.ActiveCfg = Debug|iPhone
		{969F9F73-601A-4C38-B0BA-F13937D6019B}.Debug|x86.ActiveCfg = Debug|iPhone
		{969F9F73-601A-4C38-B0BA-F13937D6019B}.Release|Any CPU.ActiveCfg = Release|iPhone
		{969F9F73-601A-4C38-B0BA-F13937D6019B}.Release|ARM.ActiveCfg = Release|iPhone
		{969F9F73-601A-4C38-B0BA-F13937D6019B}.Release|iPhone.ActiveCfg = Release|iPhone
		{969F9F73-601A-4C38-B0BA-F13937D6019B}.Release|iPhone.Build.0 = Release|iPhone
		{969F9F73-601A-4C38-B0BA-F13937D6019B}.Release|iPhoneSimulator.ActiveCfg = Release|iPhoneSimulator
		{969F9F73-601A-4C38-B0BA-F13937D6019B}.Release|iPhoneSimulator.Build.0 = Release|iPhoneSimulator
		{969F9F73-601A-4C38-B0BA-F13937D6019B}.Release|x64.ActiveCfg = Release|iPhone
		{969F9F73-601A-4C38-B0BA-F13937D6019B}.Release|x86.ActiveCfg = Release|iPhone
		{90116C65-F65A-4322-84FD-927B66AD8CB4}.Ad-Hoc|Any CPU.ActiveCfg = Release|x86
		{90116C65-F65A-4322-84FD-927B66AD8CB4}.Ad-Hoc|Any CPU.Build.0 = Release|x86
		{90116C65-F65A-4322-84FD-927B66AD8CB4}.Ad-Hoc|Any CPU.Deploy.0 = Release|x86
		{90116C65-F65A-4322-84FD-927B66AD8CB4}.Ad-Hoc|ARM.ActiveCfg = Release|ARM
		{90116C65-F65A-4322-84FD-927B66AD8CB4}.Ad-Hoc|ARM.Build.0 = Release|ARM
		{90116C65-F65A-4322-84FD-927B66AD8CB4}.Ad-Hoc|ARM.Deploy.0 = Release|ARM
		{90116C65-F65A-4322-84FD-927B66AD8CB4}.Ad-Hoc|iPhone.ActiveCfg = Release|x86
		{90116C65-F65A-4322-84FD-927B66AD8CB4}.Ad-Hoc|iPhone.Build.0 = Release|x86
		{90116C65-F65A-4322-84FD-927B66AD8CB4}.Ad-Hoc|iPhone.Deploy.0 = Release|x86
		{90116C65-F65A-4322-84FD-927B66AD8CB4}.Ad-Hoc|iPhoneSimulator.ActiveCfg = Release|x86
		{90116C65-F65A-4322-84FD-927B66AD8CB4}.Ad-Hoc|iPhoneSimulator.Build.0 = Release|x86
		{90116C65-F65A-4322-84FD-927B66AD8CB4}.Ad-Hoc|iPhoneSimulator.Deploy.0 = Release|x86
		{90116C65-F65A-4322-84FD-927B66AD8CB4}.Ad-Hoc|x64.ActiveCfg = Release|x64
		{90116C65-F65A-4322-84FD-927B66AD8CB4}.Ad-Hoc|x64.Build.0 = Release|x64
		{90116C65-F65A-4322-84FD-927B66AD8CB4}.Ad-Hoc|x64.Deploy.0 = Release|x64
		{90116C65-F65A-4322-84FD-927B66AD8CB4}.Ad-Hoc|x86.ActiveCfg = Release|x86
		{90116C65-F65A-4322-84FD-927B66AD8CB4}.Ad-Hoc|x86.Build.0 = Release|x86
		{90116C65-F65A-4322-84FD-927B66AD8CB4}.Ad-Hoc|x86.Deploy.0 = Release|x86
		{90116C65-F65A-4322-84FD-927B66AD8CB4}.AppStore|Any CPU.ActiveCfg = Release|x86
		{90116C65-F65A-4322-84FD-927B66AD8CB4}.AppStore|Any CPU.Build.0 = Release|x86
		{90116C65-F65A-4322-84FD-927B66AD8CB4}.AppStore|Any CPU.Deploy.0 = Release|x86
		{90116C65-F65A-4322-84FD-927B66AD8CB4}.AppStore|ARM.ActiveCfg = Release|ARM
		{90116C65-F65A-4322-84FD-927B66AD8CB4}.AppStore|ARM.Build.0 = Release|ARM
		{90116C65-F65A-4322-84FD-927B66AD8CB4}.AppStore|ARM.Deploy.0 = Release|ARM
		{90116C65-F65A-4322-84FD-927B66AD8CB4}.AppStore|iPhone.ActiveCfg = Release|x86
		{90116C65-F65A-4322-84FD-927B66AD8CB4}.AppStore|iPhone.Build.0 = Release|x86
		{90116C65-F65A-4322-84FD-927B66AD8CB4}.AppStore|iPhone.Deploy.0 = Release|x86
		{90116C65-F65A-4322-84FD-927B66AD8CB4}.AppStore|iPhoneSimulator.ActiveCfg = Release|x86
		{90116C65-F65A-4322-84FD-927B66AD8CB4}.AppStore|iPhoneSimulator.Build.0 = Release|x86
		{90116C65-F65A-4322-84FD-927B66AD8CB4}.AppStore|iPhoneSimulator.Deploy.0 = Release|x86
		{90116C65-F65A-4322-84FD-927B66AD8CB4}.AppStore|x64.ActiveCfg = Release|x64
		{90116C65-F65A-4322-84FD-927B66AD8CB4}.AppStore|x64.Build.0 = Release|x64
		{90116C65-F65A-4322-84FD-927B66AD8CB4}.AppStore|x64.Deploy.0 = Release|x64
		{90116C65-F65A-4322-84FD-927B66AD8CB4}.AppStore|x86.ActiveCfg = Release|x86
		{90116C65-F65A-4322-84FD-927B66AD8CB4}.AppStore|x86.Build.0 = Release|x86
		{90116C65-F65A-4322-84FD-927B66AD8CB4}.AppStore|x86.Deploy.0 = Release|x86
		{90116C65-F65A-4322-84FD-927B66AD8CB4}.Debug|Any CPU.ActiveCfg = Debug|x86
		{90116C65-F65A-4322-84FD-927B66AD8CB4}.Debug|ARM.ActiveCfg = Debug|ARM
		{90116C65-F65A-4322-84FD-927B66AD8CB4}.Debug|ARM.Build.0 = Debug|ARM
		{90116C65-F65A-4322-84FD-927B66AD8CB4}.Debug|ARM.Deploy.0 = Debug|ARM
		{90116C65-F65A-4322-84FD-927B66AD8CB4}.Debug|iPhone.ActiveCfg = Debug|x86
		{90116C65-F65A-4322-84FD-927B66AD8CB4}.Debug|iPhoneSimulator.ActiveCfg = Debug|x86
		{90116C65-F65A-4322-84FD-927B66AD8CB4}.Debug|x64.ActiveCfg = Debug|x64
		{90116C65-F65A-4322-84FD-927B66AD8CB4}.Debug|x64.Build.0 = Debug|x64
		{90116C65-F65A-4322-84FD-927B66AD8CB4}.Debug|x64.Deploy.0 = Debug|x64
		{90116C65-F65A-4322-84FD-927B66AD8CB4}.Debug|x86.ActiveCfg = Debug|x86
		{90116C65-F65A-4322-84FD-927B66AD8CB4}.Debug|x86.Build.0 = Debug|x86
		{90116C65-F65A-4322-84FD-927B66AD8CB4}.Debug|x86.Deploy.0 = Debug|x86
		{90116C65-F65A-4322-84FD-927B66AD8CB4}.Release|Any CPU.ActiveCfg = Release|x86
		{90116C65-F65A-4322-84FD-927B66AD8CB4}.Release|ARM.ActiveCfg = Release|ARM
		{90116C65-F65A-4322-84FD-927B66AD8CB4}.Release|ARM.Build.0 = Release|ARM
		{90116C65-F65A-4322-84FD-927B66AD8CB4}.Release|ARM.Deploy.0 = Release|ARM
		{90116C65-F65A-4322-84FD-927B66AD8CB4}.Release|iPhone.ActiveCfg = Release|x86
		{90116C65-F65A-4322-84FD-927B66AD8CB4}.Release|iPhoneSimulator.ActiveCfg = Release|x86
		{90116C65-F65A-4322-84FD-927B66AD8CB4}.Release|x64.ActiveCfg = Release|x64
		{90116C65-F65A-4322-84FD-927B66AD8CB4}.Release|x64.Build.0 = Release|x64
		{90116C65-F65A-4322-84FD-927B66AD8CB4}.Release|x64.Deploy.0 = Release|x64
		{90116C65-F65A-4322-84FD-927B66AD8CB4}.Release|x86.ActiveCfg = Release|x86
		{90116C65-F65A-4322-84FD-927B66AD8CB4}.Release|x86.Build.0 = Release|x86
		{90116C65-F65A-4322-84FD-927B66AD8CB4}.Release|x86.Deploy.0 = Release|x86
	EndGlobalSection
	GlobalSection(SolutionProperties) = preSolution
		HideSolutionNode = FALSE
	EndGlobalSection
	GlobalSection(ExtensibilityGlobals) = postSolution
		SolutionGuid = {6E442671-4BE4-4752-85A4-034A01D446D4}
	EndGlobalSection
EndGlobal
