
Microsoft Visual Studio Solution File, Format Version 12.00
# Visual Studio 15
VisualStudioVersion = 15.0.27130.2026
MinimumVisualStudioVersion = 10.0.40219.1
Project("{FAE04EC0-301F-11D3-BF4B-00C04F79EFBC}") = "IntroToPrisms.Android", "IntroToPrisms\IntroToPrisms.Android\IntroToPrisms.Android.csproj", "{96F90BCA-49ED-410A-B39C-473626591821}"
EndProject
Project("{FAE04EC0-301F-11D3-BF4B-00C04F79EFBC}") = "IntroToPrisms.iOS", "IntroToPrisms\IntroToPrisms.iOS\IntroToPrisms.iOS.csproj", "{1984EA80-668D-4DBF-939F-6BCFE932D38B}"
EndProject
Project("{FAE04EC0-301F-11D3-BF4B-00C04F79EFBC}") = "IntroToPrisms.UWP", "IntroToPrisms\IntroToPrisms.UWP\IntroToPrisms.UWP.csproj", "{CFE89426-ED89-483D-8F92-EE2D65167A31}"
EndProject
Project("{D954291E-2A0B-460D-934E-DC6B0785DB48}") = "IntroToPrisms", "IntroToPrisms\IntroToPrisms\IntroToPrisms.shproj", "{FDB7C370-2D91-486E-AB3F-2983F65E1646}"
EndProject
Global
	GlobalSection(SharedMSBuildProjectFiles) = preSolution
		IntroToPrisms\IntroToPrisms\IntroToPrisms.projitems*{1984ea80-668d-4dbf-939f-6bcfe932d38b}*SharedItemsImports = 4
		IntroToPrisms\IntroToPrisms\IntroToPrisms.projitems*{96f90bca-49ed-410a-b39c-473626591821}*SharedItemsImports = 4
		IntroToPrisms\IntroToPrisms\IntroToPrisms.projitems*{cfe89426-ed89-483d-8f92-ee2d65167a31}*SharedItemsImports = 4
		IntroToPrisms\IntroToPrisms\IntroToPrisms.projitems*{fdb7c370-2d91-486e-ab3f-2983f65e1646}*SharedItemsImports = 13
	EndGlobalSection
	GlobalSection(SolutionConfigurationPlatforms) = preSolution
		Ad-Hoc|Any CPU = Ad-Hoc|Any CPU
		Ad-Hoc|ARM = Ad-Hoc|ARM
		Ad-Hoc|iPhone = Ad-Hoc|iPhone
		Ad-Hoc|iPhoneSimulator = Ad-Hoc|iPhoneSimulator
		Ad-Hoc|x64 = Ad-Hoc|x64
		Ad-Hoc|x86 = Ad-Hoc|x86
		AppStore|Any CPU = AppStore|Any CPU
		AppStore|ARM = AppStore|ARM
		AppStore|iPhone = AppStore|iPhone
		AppStore|iPhoneSimulator = AppStore|iPhoneSimulator
		AppStore|x64 = AppStore|x64
		AppStore|x86 = AppStore|x86
		Debug|Any CPU = Debug|Any CPU
		Debug|ARM = Debug|ARM
		Debug|iPhone = Debug|iPhone
		Debug|iPhoneSimulator = Debug|iPhoneSimulator
		Debug|x64 = Debug|x64
		Debug|x86 = Debug|x86
		Release|Any CPU = Release|Any CPU
		Release|ARM = Release|ARM
		Release|iPhone = Release|iPhone
		Release|iPhoneSimulator = Release|iPhoneSimulator
		Release|x64 = Release|x64
		Release|x86 = Release|x86
	EndGlobalSection
	GlobalSection(ProjectConfigurationPlatforms) = postSolution
		{96F90BCA-49ED-410A-B39C-473626591821}.Ad-Hoc|Any CPU.ActiveCfg = Release|Any CPU
		{96F90BCA-49ED-410A-B39C-473626591821}.Ad-Hoc|Any CPU.Build.0 = Release|Any CPU
		{96F90BCA-49ED-410A-B39C-473626591821}.Ad-Hoc|Any CPU.Deploy.0 = Release|Any CPU
		{96F90BCA-49ED-410A-B39C-473626591821}.Ad-Hoc|ARM.ActiveCfg = Release|Any CPU
		{96F90BCA-49ED-410A-B39C-473626591821}.Ad-Hoc|ARM.Build.0 = Release|Any CPU
		{96F90BCA-49ED-410A-B39C-473626591821}.Ad-Hoc|ARM.Deploy.0 = Release|Any CPU
		{96F90BCA-49ED-410A-B39C-473626591821}.Ad-Hoc|iPhone.ActiveCfg = Release|Any CPU
		{96F90BCA-49ED-410A-B39C-473626591821}.Ad-Hoc|iPhone.Build.0 = Release|Any CPU
		{96F90BCA-49ED-410A-B39C-473626591821}.Ad-Hoc|iPhone.Deploy.0 = Release|Any CPU
		{96F90BCA-49ED-410A-B39C-473626591821}.Ad-Hoc|iPhoneSimulator.ActiveCfg = Release|Any CPU
		{96F90BCA-49ED-410A-B39C-473626591821}.Ad-Hoc|iPhoneSimulator.Build.0 = Release|Any CPU
		{96F90BCA-49ED-410A-B39C-473626591821}.Ad-Hoc|iPhoneSimulator.Deploy.0 = Release|Any CPU
		{96F90BCA-49ED-410A-B39C-473626591821}.Ad-Hoc|x64.ActiveCfg = Release|Any CPU
		{96F90BCA-49ED-410A-B39C-473626591821}.Ad-Hoc|x64.Build.0 = Release|Any CPU
		{96F90BCA-49ED-410A-B39C-473626591821}.Ad-Hoc|x64.Deploy.0 = Release|Any CPU
		{96F90BCA-49ED-410A-B39C-473626591821}.Ad-Hoc|x86.ActiveCfg = Release|Any CPU
		{96F90BCA-49ED-410A-B39C-473626591821}.Ad-Hoc|x86.Build.0 = Release|Any CPU
		{96F90BCA-49ED-410A-B39C-473626591821}.Ad-Hoc|x86.Deploy.0 = Release|Any CPU
		{96F90BCA-49ED-410A-B39C-473626591821}.AppStore|Any CPU.ActiveCfg = Release|Any CPU
		{96F90BCA-49ED-410A-B39C-473626591821}.AppStore|Any CPU.Build.0 = Release|Any CPU
		{96F90BCA-49ED-410A-B39C-473626591821}.AppStore|Any CPU.Deploy.0 = Release|Any CPU
		{96F90BCA-49ED-410A-B39C-473626591821}.AppStore|ARM.ActiveCfg = Release|Any CPU
		{96F90BCA-49ED-410A-B39C-473626591821}.AppStore|ARM.Build.0 = Release|Any CPU
		{96F90BCA-49ED-410A-B39C-473626591821}.AppStore|ARM.Deploy.0 = Release|Any CPU
		{96F90BCA-49ED-410A-B39C-473626591821}.AppStore|iPhone.ActiveCfg = Release|Any CPU
		{96F90BCA-49ED-410A-B39C-473626591821}.AppStore|iPhone.Build.0 = Release|Any CPU
		{96F90BCA-49ED-410A-B39C-473626591821}.AppStore|iPhone.Deploy.0 = Release|Any CPU
		{96F90BCA-49ED-410A-B39C-473626591821}.AppStore|iPhoneSimulator.ActiveCfg = Release|Any CPU
		{96F90BCA-49ED-410A-B39C-473626591821}.AppStore|iPhoneSimulator.Build.0 = Release|Any CPU
		{96F90BCA-49ED-410A-B39C-473626591821}.AppStore|iPhoneSimulator.Deploy.0 = Release|Any CPU
		{96F90BCA-49ED-410A-B39C-473626591821}.AppStore|x64.ActiveCfg = Release|Any CPU
		{96F90BCA-49ED-410A-B39C-473626591821}.AppStore|x64.Build.0 = Release|Any CPU
		{96F90BCA-49ED-410A-B39C-473626591821}.AppStore|x64.Deploy.0 = Release|Any CPU
		{96F90BCA-49ED-410A-B39C-473626591821}.AppStore|x86.ActiveCfg = Release|Any CPU
		{96F90BCA-49ED-410A-B39C-473626591821}.AppStore|x86.Build.0 = Release|Any CPU
		{96F90BCA-49ED-410A-B39C-473626591821}.AppStore|x86.Deploy.0 = Release|Any CPU
		{96F90BCA-49ED-410A-B39C-473626591821}.Debug|Any CPU.ActiveCfg = Debug|Any CPU
		{96F90BCA-49ED-410A-B39C-473626591821}.Debug|Any CPU.Build.0 = Debug|Any CPU
		{96F90BCA-49ED-410A-B39C-473626591821}.Debug|Any CPU.Deploy.0 = Debug|Any CPU
		{96F90BCA-49ED-410A-B39C-473626591821}.Debug|ARM.ActiveCfg = Debug|Any CPU
		{96F90BCA-49ED-410A-B39C-473626591821}.Debug|ARM.Build.0 = Debug|Any CPU
		{96F90BCA-49ED-410A-B39C-473626591821}.Debug|ARM.Deploy.0 = Debug|Any CPU
		{96F90BCA-49ED-410A-B39C-473626591821}.Debug|iPhone.ActiveCfg = Debug|Any CPU
		{96F90BCA-49ED-410A-B39C-473626591821}.Debug|iPhone.Build.0 = Debug|Any CPU
		{96F90BCA-49ED-410A-B39C-473626591821}.Debug|iPhone.Deploy.0 = Debug|Any CPU
		{96F90BCA-49ED-410A-B39C-473626591821}.Debug|iPhoneSimulator.ActiveCfg = Debug|Any CPU
		{96F90BCA-49ED-410A-B39C-473626591821}.Debug|iPhoneSimulator.Build.0 = Debug|Any CPU
		{96F90BCA-49ED-410A-B39C-473626591821}.Debug|iPhoneSimulator.Deploy.0 = Debug|Any CPU
		{96F90BCA-49ED-410A-B39C-473626591821}.Debug|x64.ActiveCfg = Debug|Any CPU
		{96F90BCA-49ED-410A-B39C-473626591821}.Debug|x64.Build.0 = Debug|Any CPU
		{96F90BCA-49ED-410A-B39C-473626591821}.Debug|x64.Deploy.0 = Debug|Any CPU
		{96F90BCA-49ED-410A-B39C-473626591821}.Debug|x86.ActiveCfg = Debug|Any CPU
		{96F90BCA-49ED-410A-B39C-473626591821}.Debug|x86.Build.0 = Debug|Any CPU
		{96F90BCA-49ED-410A-B39C-473626591821}.Debug|x86.Deploy.0 = Debug|Any CPU
		{96F90BCA-49ED-410A-B39C-473626591821}.Release|Any CPU.ActiveCfg = Release|Any CPU
		{96F90BCA-49ED-410A-B39C-473626591821}.Release|Any CPU.Build.0 = Release|Any CPU
		{96F90BCA-49ED-410A-B39C-473626591821}.Release|Any CPU.Deploy.0 = Release|Any CPU
		{96F90BCA-49ED-410A-B39C-473626591821}.Release|ARM.ActiveCfg = Release|Any CPU
		{96F90BCA-49ED-410A-B39C-473626591821}.Release|ARM.Build.0 = Release|Any CPU
		{96F90BCA-49ED-410A-B39C-473626591821}.Release|ARM.Deploy.0 = Release|Any CPU
		{96F90BCA-49ED-410A-B39C-473626591821}.Release|iPhone.ActiveCfg = Release|Any CPU
		{96F90BCA-49ED-410A-B39C-473626591821}.Release|iPhone.Build.0 = Release|Any CPU
		{96F90BCA-49ED-410A-B39C-473626591821}.Release|iPhone.Deploy.0 = Release|Any CPU
		{96F90BCA-49ED-410A-B39C-473626591821}.Release|iPhoneSimulator.ActiveCfg = Release|Any CPU
		{96F90BCA-49ED-410A-B39C-473626591821}.Release|iPhoneSimulator.Build.0 = Release|Any CPU
		{96F90BCA-49ED-410A-B39C-473626591821}.Release|iPhoneSimulator.Deploy.0 = Release|Any CPU
		{96F90BCA-49ED-410A-B39C-473626591821}.Release|x64.ActiveCfg = Release|Any CPU
		{96F90BCA-49ED-410A-B39C-473626591821}.Release|x64.Build.0 = Release|Any CPU
		{96F90BCA-49ED-410A-B39C-473626591821}.Release|x64.Deploy.0 = Release|Any CPU
		{96F90BCA-49ED-410A-B39C-473626591821}.Release|x86.ActiveCfg = Release|Any CPU
		{96F90BCA-49ED-410A-B39C-473626591821}.Release|x86.Build.0 = Release|Any CPU
		{96F90BCA-49ED-410A-B39C-473626591821}.Release|x86.Deploy.0 = Release|Any CPU
		{1984EA80-668D-4DBF-939F-6BCFE932D38B}.Ad-Hoc|Any CPU.ActiveCfg = Ad-Hoc|iPhone
		{1984EA80-668D-4DBF-939F-6BCFE932D38B}.Ad-Hoc|ARM.ActiveCfg = Ad-Hoc|iPhone
		{1984EA80-668D-4DBF-939F-6BCFE932D38B}.Ad-Hoc|iPhone.ActiveCfg = Ad-Hoc|iPhone
		{1984EA80-668D-4DBF-939F-6BCFE932D38B}.Ad-Hoc|iPhone.Build.0 = Ad-Hoc|iPhone
		{1984EA80-668D-4DBF-939F-6BCFE932D38B}.Ad-Hoc|iPhoneSimulator.ActiveCfg = Ad-Hoc|iPhoneSimulator
		{1984EA80-668D-4DBF-939F-6BCFE932D38B}.Ad-Hoc|iPhoneSimulator.Build.0 = Ad-Hoc|iPhoneSimulator
		{1984EA80-668D-4DBF-939F-6BCFE932D38B}.Ad-Hoc|x64.ActiveCfg = Ad-Hoc|iPhone
		{1984EA80-668D-4DBF-939F-6BCFE932D38B}.Ad-Hoc|x86.ActiveCfg = Ad-Hoc|iPhone
		{1984EA80-668D-4DBF-939F-6BCFE932D38B}.AppStore|Any CPU.ActiveCfg = AppStore|iPhone
		{1984EA80-668D-4DBF-939F-6BCFE932D38B}.AppStore|ARM.ActiveCfg = AppStore|iPhone
		{1984EA80-668D-4DBF-939F-6BCFE932D38B}.AppStore|iPhone.ActiveCfg = AppStore|iPhone
		{1984EA80-668D-4DBF-939F-6BCFE932D38B}.AppStore|iPhone.Build.0 = AppStore|iPhone
		{1984EA80-668D-4DBF-939F-6BCFE932D38B}.AppStore|iPhoneSimulator.ActiveCfg = AppStore|iPhoneSimulator
		{1984EA80-668D-4DBF-939F-6BCFE932D38B}.AppStore|iPhoneSimulator.Build.0 = AppStore|iPhoneSimulator
		{1984EA80-668D-4DBF-939F-6BCFE932D38B}.AppStore|x64.ActiveCfg = AppStore|iPhone
		{1984EA80-668D-4DBF-939F-6BCFE932D38B}.AppStore|x86.ActiveCfg = AppStore|iPhone
		{1984EA80-668D-4DBF-939F-6BCFE932D38B}.Debug|Any CPU.ActiveCfg = Debug|iPhone
		{1984EA80-668D-4DBF-939F-6BCFE932D38B}.Debug|ARM.ActiveCfg = Debug|iPhone
		{1984EA80-668D-4DBF-939F-6BCFE932D38B}.Debug|iPhone.ActiveCfg = Debug|iPhone
		{1984EA80-668D-4DBF-939F-6BCFE932D38B}.Debug|iPhone.Build.0 = Debug|iPhone
		{1984EA80-668D-4DBF-939F-6BCFE932D38B}.Debug|iPhoneSimulator.ActiveCfg = Debug|iPhoneSimulator
		{1984EA80-668D-4DBF-939F-6BCFE932D38B}.Debug|iPhoneSimulator.Build.0 = Debug|iPhoneSimulator
		{1984EA80-668D-4DBF-939F-6BCFE932D38B}.Debug|x64.ActiveCfg = Debug|iPhone
		{1984EA80-668D-4DBF-939F-6BCFE932D38B}.Debug|x86.ActiveCfg = Debug|iPhone
		{1984EA80-668D-4DBF-939F-6BCFE932D38B}.Release|Any CPU.ActiveCfg = Release|iPhone
		{1984EA80-668D-4DBF-939F-6BCFE932D38B}.Release|ARM.ActiveCfg = Release|iPhone
		{1984EA80-668D-4DBF-939F-6BCFE932D38B}.Release|iPhone.ActiveCfg = Release|iPhone
		{1984EA80-668D-4DBF-939F-6BCFE932D38B}.Release|iPhone.Build.0 = Release|iPhone
		{1984EA80-668D-4DBF-939F-6BCFE932D38B}.Release|iPhoneSimulator.ActiveCfg = Release|iPhoneSimulator
		{1984EA80-668D-4DBF-939F-6BCFE932D38B}.Release|iPhoneSimulator.Build.0 = Release|iPhoneSimulator
		{1984EA80-668D-4DBF-939F-6BCFE932D38B}.Release|x64.ActiveCfg = Release|iPhone
		{1984EA80-668D-4DBF-939F-6BCFE932D38B}.Release|x86.ActiveCfg = Release|iPhone
		{CFE89426-ED89-483D-8F92-EE2D65167A31}.Ad-Hoc|Any CPU.ActiveCfg = Release|x86
		{CFE89426-ED89-483D-8F92-EE2D65167A31}.Ad-Hoc|Any CPU.Build.0 = Release|x86
		{CFE89426-ED89-483D-8F92-EE2D65167A31}.Ad-Hoc|Any CPU.Deploy.0 = Release|x86
		{CFE89426-ED89-483D-8F92-EE2D65167A31}.Ad-Hoc|ARM.ActiveCfg = Release|ARM
		{CFE89426-ED89-483D-8F92-EE2D65167A31}.Ad-Hoc|ARM.Build.0 = Release|ARM
		{CFE89426-ED89-483D-8F92-EE2D65167A31}.Ad-Hoc|ARM.Deploy.0 = Release|ARM
		{CFE89426-ED89-483D-8F92-EE2D65167A31}.Ad-Hoc|iPhone.ActiveCfg = Release|x86
		{CFE89426-ED89-483D-8F92-EE2D65167A31}.Ad-Hoc|iPhone.Build.0 = Release|x86
		{CFE89426-ED89-483D-8F92-EE2D65167A31}.Ad-Hoc|iPhone.Deploy.0 = Release|x86
		{CFE89426-ED89-483D-8F92-EE2D65167A31}.Ad-Hoc|iPhoneSimulator.ActiveCfg = Release|x86
		{CFE89426-ED89-483D-8F92-EE2D65167A31}.Ad-Hoc|iPhoneSimulator.Build.0 = Release|x86
		{CFE89426-ED89-483D-8F92-EE2D65167A31}.Ad-Hoc|iPhoneSimulator.Deploy.0 = Release|x86
		{CFE89426-ED89-483D-8F92-EE2D65167A31}.Ad-Hoc|x64.ActiveCfg = Release|x64
		{CFE89426-ED89-483D-8F92-EE2D65167A31}.Ad-Hoc|x64.Build.0 = Release|x64
		{CFE89426-ED89-483D-8F92-EE2D65167A31}.Ad-Hoc|x64.Deploy.0 = Release|x64
		{CFE89426-ED89-483D-8F92-EE2D65167A31}.Ad-Hoc|x86.ActiveCfg = Release|x86
		{CFE89426-ED89-483D-8F92-EE2D65167A31}.Ad-Hoc|x86.Build.0 = Release|x86
		{CFE89426-ED89-483D-8F92-EE2D65167A31}.Ad-Hoc|x86.Deploy.0 = Release|x86
		{CFE89426-ED89-483D-8F92-EE2D65167A31}.AppStore|Any CPU.ActiveCfg = Release|x86
		{CFE89426-ED89-483D-8F92-EE2D65167A31}.AppStore|Any CPU.Build.0 = Release|x86
		{CFE89426-ED89-483D-8F92-EE2D65167A31}.AppStore|Any CPU.Deploy.0 = Release|x86
		{CFE89426-ED89-483D-8F92-EE2D65167A31}.AppStore|ARM.ActiveCfg = Release|ARM
		{CFE89426-ED89-483D-8F92-EE2D65167A31}.AppStore|ARM.Build.0 = Release|ARM
		{CFE89426-ED89-483D-8F92-EE2D65167A31}.AppStore|ARM.Deploy.0 = Release|ARM
		{CFE89426-ED89-483D-8F92-EE2D65167A31}.AppStore|iPhone.ActiveCfg = Release|x86
		{CFE89426-ED89-483D-8F92-EE2D65167A31}.AppStore|iPhone.Build.0 = Release|x86
		{CFE89426-ED89-483D-8F92-EE2D65167A31}.AppStore|iPhone.Deploy.0 = Release|x86
		{CFE89426-ED89-483D-8F92-EE2D65167A31}.AppStore|iPhoneSimulator.ActiveCfg = Release|x86
		{CFE89426-ED89-483D-8F92-EE2D65167A31}.AppStore|iPhoneSimulator.Build.0 = Release|x86
		{CFE89426-ED89-483D-8F92-EE2D65167A31}.AppStore|iPhoneSimulator.Deploy.0 = Release|x86
		{CFE89426-ED89-483D-8F92-EE2D65167A31}.AppStore|x64.ActiveCfg = Release|x64
		{CFE89426-ED89-483D-8F92-EE2D65167A31}.AppStore|x64.Build.0 = Release|x64
		{CFE89426-ED89-483D-8F92-EE2D65167A31}.AppStore|x64.Deploy.0 = Release|x64
		{CFE89426-ED89-483D-8F92-EE2D65167A31}.AppStore|x86.ActiveCfg = Release|x86
		{CFE89426-ED89-483D-8F92-EE2D65167A31}.AppStore|x86.Build.0 = Release|x86
		{CFE89426-ED89-483D-8F92-EE2D65167A31}.AppStore|x86.Deploy.0 = Release|x86
		{CFE89426-ED89-483D-8F92-EE2D65167A31}.Debug|Any CPU.ActiveCfg = Debug|x86
		{CFE89426-ED89-483D-8F92-EE2D65167A31}.Debug|ARM.ActiveCfg = Debug|ARM
		{CFE89426-ED89-483D-8F92-EE2D65167A31}.Debug|ARM.Build.0 = Debug|ARM
		{CFE89426-ED89-483D-8F92-EE2D65167A31}.Debug|ARM.Deploy.0 = Debug|ARM
		{CFE89426-ED89-483D-8F92-EE2D65167A31}.Debug|iPhone.ActiveCfg = Debug|x86
		{CFE89426-ED89-483D-8F92-EE2D65167A31}.Debug|iPhoneSimulator.ActiveCfg = Debug|x86
		{CFE89426-ED89-483D-8F92-EE2D65167A31}.Debug|x64.ActiveCfg = Debug|x64
		{CFE89426-ED89-483D-8F92-EE2D65167A31}.Debug|x64.Build.0 = Debug|x64
		{CFE89426-ED89-483D-8F92-EE2D65167A31}.Debug|x64.Deploy.0 = Debug|x64
		{CFE89426-ED89-483D-8F92-EE2D65167A31}.Debug|x86.ActiveCfg = Debug|x86
		{CFE89426-ED89-483D-8F92-EE2D65167A31}.Debug|x86.Build.0 = Debug|x86
		{CFE89426-ED89-483D-8F92-EE2D65167A31}.Debug|x86.Deploy.0 = Debug|x86
		{CFE89426-ED89-483D-8F92-EE2D65167A31}.Release|Any CPU.ActiveCfg = Release|x86
		{CFE89426-ED89-483D-8F92-EE2D65167A31}.Release|ARM.ActiveCfg = Release|ARM
		{CFE89426-ED89-483D-8F92-EE2D65167A31}.Release|ARM.Build.0 = Release|ARM
		{CFE89426-ED89-483D-8F92-EE2D65167A31}.Release|ARM.Deploy.0 = Release|ARM
		{CFE89426-ED89-483D-8F92-EE2D65167A31}.Release|iPhone.ActiveCfg = Release|x86
		{CFE89426-ED89-483D-8F92-EE2D65167A31}.Release|iPhoneSimulator.ActiveCfg = Release|x86
		{CFE89426-ED89-483D-8F92-EE2D65167A31}.Release|x64.ActiveCfg = Release|x64
		{CFE89426-ED89-483D-8F92-EE2D65167A31}.Release|x64.Build.0 = Release|x64
		{CFE89426-ED89-483D-8F92-EE2D65167A31}.Release|x64.Deploy.0 = Release|x64
		{CFE89426-ED89-483D-8F92-EE2D65167A31}.Release|x86.ActiveCfg = Release|x86
		{CFE89426-ED89-483D-8F92-EE2D65167A31}.Release|x86.Build.0 = Release|x86
		{CFE89426-ED89-483D-8F92-EE2D65167A31}.Release|x86.Deploy.0 = Release|x86
	EndGlobalSection
	GlobalSection(SolutionProperties) = preSolution
		HideSolutionNode = FALSE
	EndGlobalSection
	GlobalSection(ExtensibilityGlobals) = postSolution
		SolutionGuid = {294AA500-69E7-4531-B99F-EB0627025128}
	EndGlobalSection
EndGlobal
