
Microsoft Visual Studio Solution File, Format Version 12.00
# Visual Studio 15
VisualStudioVersion = 15.0.27130.2026
MinimumVisualStudioVersion = 10.0.40219.1
Project("{FAE04EC0-301F-11D3-BF4B-00C04F79EFBC}") = "testchithcat.Android", "testchithcat\testchithcat.Android\testchithcat.Android.csproj", "{27FA76F1-88D5-4AED-877E-0934075AF405}"
EndProject
Project("{FAE04EC0-301F-11D3-BF4B-00C04F79EFBC}") = "testchithcat.iOS", "testchithcat\testchithcat.iOS\testchithcat.iOS.csproj", "{EA0C56DF-1596-495C-9F3E-149CC4B77B04}"
EndProject
Project("{FAE04EC0-301F-11D3-BF4B-00C04F79EFBC}") = "testchithcat.UWP", "testchithcat\testchithcat.UWP\testchithcat.UWP.csproj", "{ED9F8AE1-E309-44F8-B07F-EFB6F7E42841}"
EndProject
Project("{D954291E-2A0B-460D-934E-DC6B0785DB48}") = "testchithcat", "testchithcat\testchithcat\testchithcat.shproj", "{FC3F63E7-829A-4570-9037-4B171F338115}"
EndProject
Global
	GlobalSection(SharedMSBuildProjectFiles) = preSolution
		testchithcat\testchithcat\testchithcat.projitems*{27fa76f1-88d5-4aed-877e-0934075af405}*SharedItemsImports = 4
		testchithcat\testchithcat\testchithcat.projitems*{ea0c56df-1596-495c-9f3e-149cc4b77b04}*SharedItemsImports = 4
		testchithcat\testchithcat\testchithcat.projitems*{ed9f8ae1-e309-44f8-b07f-efb6f7e42841}*SharedItemsImports = 4
		testchithcat\testchithcat\testchithcat.projitems*{fc3f63e7-829a-4570-9037-4b171f338115}*SharedItemsImports = 13
	EndGlobalSection
	GlobalSection(SolutionConfigurationPlatforms) = preSolution
		Ad-Hoc|Any CPU = Ad-Hoc|Any CPU
		Ad-Hoc|ARM = Ad-Hoc|ARM
		Ad-Hoc|iPhone = Ad-Hoc|iPhone
		Ad-Hoc|iPhoneSimulator = Ad-Hoc|iPhoneSimulator
		Ad-Hoc|x64 = Ad-Hoc|x64
		Ad-Hoc|x86 = Ad-Hoc|x86
		AppStore|Any CPU = AppStore|Any CPU
		AppStore|ARM = AppStore|ARM
		AppStore|iPhone = AppStore|iPhone
		AppStore|iPhoneSimulator = AppStore|iPhoneSimulator
		AppStore|x64 = AppStore|x64
		AppStore|x86 = AppStore|x86
		Debug|Any CPU = Debug|Any CPU
		Debug|ARM = Debug|ARM
		Debug|iPhone = Debug|iPhone
		Debug|iPhoneSimulator = Debug|iPhoneSimulator
		Debug|x64 = Debug|x64
		Debug|x86 = Debug|x86
		Release|Any CPU = Release|Any CPU
		Release|ARM = Release|ARM
		Release|iPhone = Release|iPhone
		Release|iPhoneSimulator = Release|iPhoneSimulator
		Release|x64 = Release|x64
		Release|x86 = Release|x86
	EndGlobalSection
	GlobalSection(ProjectConfigurationPlatforms) = postSolution
		{27FA76F1-88D5-4AED-877E-0934075AF405}.Ad-Hoc|Any CPU.ActiveCfg = Release|Any CPU
		{27FA76F1-88D5-4AED-877E-0934075AF405}.Ad-Hoc|Any CPU.Build.0 = Release|Any CPU
		{27FA76F1-88D5-4AED-877E-0934075AF405}.Ad-Hoc|Any CPU.Deploy.0 = Release|Any CPU
		{27FA76F1-88D5-4AED-877E-0934075AF405}.Ad-Hoc|ARM.ActiveCfg = Release|Any CPU
		{27FA76F1-88D5-4AED-877E-0934075AF405}.Ad-Hoc|ARM.Build.0 = Release|Any CPU
		{27FA76F1-88D5-4AED-877E-0934075AF405}.Ad-Hoc|ARM.Deploy.0 = Release|Any CPU
		{27FA76F1-88D5-4AED-877E-0934075AF405}.Ad-Hoc|iPhone.ActiveCfg = Release|Any CPU
		{27FA76F1-88D5-4AED-877E-0934075AF405}.Ad-Hoc|iPhone.Build.0 = Release|Any CPU
		{27FA76F1-88D5-4AED-877E-0934075AF405}.Ad-Hoc|iPhone.Deploy.0 = Release|Any CPU
		{27FA76F1-88D5-4AED-877E-0934075AF405}.Ad-Hoc|iPhoneSimulator.ActiveCfg = Release|Any CPU
		{27FA76F1-88D5-4AED-877E-0934075AF405}.Ad-Hoc|iPhoneSimulator.Build.0 = Release|Any CPU
		{27FA76F1-88D5-4AED-877E-0934075AF405}.Ad-Hoc|iPhoneSimulator.Deploy.0 = Release|Any CPU
		{27FA76F1-88D5-4AED-877E-0934075AF405}.Ad-Hoc|x64.ActiveCfg = Release|Any CPU
		{27FA76F1-88D5-4AED-877E-0934075AF405}.Ad-Hoc|x64.Build.0 = Release|Any CPU
		{27FA76F1-88D5-4AED-877E-0934075AF405}.Ad-Hoc|x64.Deploy.0 = Release|Any CPU
		{27FA76F1-88D5-4AED-877E-0934075AF405}.Ad-Hoc|x86.ActiveCfg = Release|Any CPU
		{27FA76F1-88D5-4AED-877E-0934075AF405}.Ad-Hoc|x86.Build.0 = Release|Any CPU
		{27FA76F1-88D5-4AED-877E-0934075AF405}.Ad-Hoc|x86.Deploy.0 = Release|Any CPU
		{27FA76F1-88D5-4AED-877E-0934075AF405}.AppStore|Any CPU.ActiveCfg = Release|Any CPU
		{27FA76F1-88D5-4AED-877E-0934075AF405}.AppStore|Any CPU.Build.0 = Release|Any CPU
		{27FA76F1-88D5-4AED-877E-0934075AF405}.AppStore|Any CPU.Deploy.0 = Release|Any CPU
		{27FA76F1-88D5-4AED-877E-0934075AF405}.AppStore|ARM.ActiveCfg = Release|Any CPU
		{27FA76F1-88D5-4AED-877E-0934075AF405}.AppStore|ARM.Build.0 = Release|Any CPU
		{27FA76F1-88D5-4AED-877E-0934075AF405}.AppStore|ARM.Deploy.0 = Release|Any CPU
		{27FA76F1-88D5-4AED-877E-0934075AF405}.AppStore|iPhone.ActiveCfg = Release|Any CPU
		{27FA76F1-88D5-4AED-877E-0934075AF405}.AppStore|iPhone.Build.0 = Release|Any CPU
		{27FA76F1-88D5-4AED-877E-0934075AF405}.AppStore|iPhone.Deploy.0 = Release|Any CPU
		{27FA76F1-88D5-4AED-877E-0934075AF405}.AppStore|iPhoneSimulator.ActiveCfg = Release|Any CPU
		{27FA76F1-88D5-4AED-877E-0934075AF405}.AppStore|iPhoneSimulator.Build.0 = Release|Any CPU
		{27FA76F1-88D5-4AED-877E-0934075AF405}.AppStore|iPhoneSimulator.Deploy.0 = Release|Any CPU
		{27FA76F1-88D5-4AED-877E-0934075AF405}.AppStore|x64.ActiveCfg = Release|Any CPU
		{27FA76F1-88D5-4AED-877E-0934075AF405}.AppStore|x64.Build.0 = Release|Any CPU
		{27FA76F1-88D5-4AED-877E-0934075AF405}.AppStore|x64.Deploy.0 = Release|Any CPU
		{27FA76F1-88D5-4AED-877E-0934075AF405}.AppStore|x86.ActiveCfg = Release|Any CPU
		{27FA76F1-88D5-4AED-877E-0934075AF405}.AppStore|x86.Build.0 = Release|Any CPU
		{27FA76F1-88D5-4AED-877E-0934075AF405}.AppStore|x86.Deploy.0 = Release|Any CPU
		{27FA76F1-88D5-4AED-877E-0934075AF405}.Debug|Any CPU.ActiveCfg = Debug|Any CPU
		{27FA76F1-88D5-4AED-877E-0934075AF405}.Debug|Any CPU.Build.0 = Debug|Any CPU
		{27FA76F1-88D5-4AED-877E-0934075AF405}.Debug|Any CPU.Deploy.0 = Debug|Any CPU
		{27FA76F1-88D5-4AED-877E-0934075AF405}.Debug|ARM.ActiveCfg = Debug|Any CPU
		{27FA76F1-88D5-4AED-877E-0934075AF405}.Debug|ARM.Build.0 = Debug|Any CPU
		{27FA76F1-88D5-4AED-877E-0934075AF405}.Debug|ARM.Deploy.0 = Debug|Any CPU
		{27FA76F1-88D5-4AED-877E-0934075AF405}.Debug|iPhone.ActiveCfg = Debug|Any CPU
		{27FA76F1-88D5-4AED-877E-0934075AF405}.Debug|iPhone.Build.0 = Debug|Any CPU
		{27FA76F1-88D5-4AED-877E-0934075AF405}.Debug|iPhone.Deploy.0 = Debug|Any CPU
		{27FA76F1-88D5-4AED-877E-0934075AF405}.Debug|iPhoneSimulator.ActiveCfg = Debug|Any CPU
		{27FA76F1-88D5-4AED-877E-0934075AF405}.Debug|iPhoneSimulator.Build.0 = Debug|Any CPU
		{27FA76F1-88D5-4AED-877E-0934075AF405}.Debug|iPhoneSimulator.Deploy.0 = Debug|Any CPU
		{27FA76F1-88D5-4AED-877E-0934075AF405}.Debug|x64.ActiveCfg = Debug|Any CPU
		{27FA76F1-88D5-4AED-877E-0934075AF405}.Debug|x64.Build.0 = Debug|Any CPU
		{27FA76F1-88D5-4AED-877E-0934075AF405}.Debug|x64.Deploy.0 = Debug|Any CPU
		{27FA76F1-88D5-4AED-877E-0934075AF405}.Debug|x86.ActiveCfg = Debug|Any CPU
		{27FA76F1-88D5-4AED-877E-0934075AF405}.Debug|x86.Build.0 = Debug|Any CPU
		{27FA76F1-88D5-4AED-877E-0934075AF405}.Debug|x86.Deploy.0 = Debug|Any CPU
		{27FA76F1-88D5-4AED-877E-0934075AF405}.Release|Any CPU.ActiveCfg = Release|Any CPU
		{27FA76F1-88D5-4AED-877E-0934075AF405}.Release|Any CPU.Build.0 = Release|Any CPU
		{27FA76F1-88D5-4AED-877E-0934075AF405}.Release|Any CPU.Deploy.0 = Release|Any CPU
		{27FA76F1-88D5-4AED-877E-0934075AF405}.Release|ARM.ActiveCfg = Release|Any CPU
		{27FA76F1-88D5-4AED-877E-0934075AF405}.Release|ARM.Build.0 = Release|Any CPU
		{27FA76F1-88D5-4AED-877E-0934075AF405}.Release|ARM.Deploy.0 = Release|Any CPU
		{27FA76F1-88D5-4AED-877E-0934075AF405}.Release|iPhone.ActiveCfg = Release|Any CPU
		{27FA76F1-88D5-4AED-877E-0934075AF405}.Release|iPhone.Build.0 = Release|Any CPU
		{27FA76F1-88D5-4AED-877E-0934075AF405}.Release|iPhone.Deploy.0 = Release|Any CPU
		{27FA76F1-88D5-4AED-877E-0934075AF405}.Release|iPhoneSimulator.ActiveCfg = Release|Any CPU
		{27FA76F1-88D5-4AED-877E-0934075AF405}.Release|iPhoneSimulator.Build.0 = Release|Any CPU
		{27FA76F1-88D5-4AED-877E-0934075AF405}.Release|iPhoneSimulator.Deploy.0 = Release|Any CPU
		{27FA76F1-88D5-4AED-877E-0934075AF405}.Release|x64.ActiveCfg = Release|Any CPU
		{27FA76F1-88D5-4AED-877E-0934075AF405}.Release|x64.Build.0 = Release|Any CPU
		{27FA76F1-88D5-4AED-877E-0934075AF405}.Release|x64.Deploy.0 = Release|Any CPU
		{27FA76F1-88D5-4AED-877E-0934075AF405}.Release|x86.ActiveCfg = Release|Any CPU
		{27FA76F1-88D5-4AED-877E-0934075AF405}.Release|x86.Build.0 = Release|Any CPU
		{27FA76F1-88D5-4AED-877E-0934075AF405}.Release|x86.Deploy.0 = Release|Any CPU
		{EA0C56DF-1596-495C-9F3E-149CC4B77B04}.Ad-Hoc|Any CPU.ActiveCfg = Ad-Hoc|iPhone
		{EA0C56DF-1596-495C-9F3E-149CC4B77B04}.Ad-Hoc|ARM.ActiveCfg = Ad-Hoc|iPhone
		{EA0C56DF-1596-495C-9F3E-149CC4B77B04}.Ad-Hoc|iPhone.ActiveCfg = Ad-Hoc|iPhone
		{EA0C56DF-1596-495C-9F3E-149CC4B77B04}.Ad-Hoc|iPhone.Build.0 = Ad-Hoc|iPhone
		{EA0C56DF-1596-495C-9F3E-149CC4B77B04}.Ad-Hoc|iPhoneSimulator.ActiveCfg = Ad-Hoc|iPhoneSimulator
		{EA0C56DF-1596-495C-9F3E-149CC4B77B04}.Ad-Hoc|iPhoneSimulator.Build.0 = Ad-Hoc|iPhoneSimulator
		{EA0C56DF-1596-495C-9F3E-149CC4B77B04}.Ad-Hoc|x64.ActiveCfg = Ad-Hoc|iPhone
		{EA0C56DF-1596-495C-9F3E-149CC4B77B04}.Ad-Hoc|x86.ActiveCfg = Ad-Hoc|iPhone
		{EA0C56DF-1596-495C-9F3E-149CC4B77B04}.AppStore|Any CPU.ActiveCfg = AppStore|iPhone
		{EA0C56DF-1596-495C-9F3E-149CC4B77B04}.AppStore|ARM.ActiveCfg = AppStore|iPhone
		{EA0C56DF-1596-495C-9F3E-149CC4B77B04}.AppStore|iPhone.ActiveCfg = AppStore|iPhone
		{EA0C56DF-1596-495C-9F3E-149CC4B77B04}.AppStore|iPhone.Build.0 = AppStore|iPhone
		{EA0C56DF-1596-495C-9F3E-149CC4B77B04}.AppStore|iPhoneSimulator.ActiveCfg = AppStore|iPhoneSimulator
		{EA0C56DF-1596-495C-9F3E-149CC4B77B04}.AppStore|iPhoneSimulator.Build.0 = AppStore|iPhoneSimulator
		{EA0C56DF-1596-495C-9F3E-149CC4B77B04}.AppStore|x64.ActiveCfg = AppStore|iPhone
		{EA0C56DF-1596-495C-9F3E-149CC4B77B04}.AppStore|x86.ActiveCfg = AppStore|iPhone
		{EA0C56DF-1596-495C-9F3E-149CC4B77B04}.Debug|Any CPU.ActiveCfg = Debug|iPhone
		{EA0C56DF-1596-495C-9F3E-149CC4B77B04}.Debug|ARM.ActiveCfg = Debug|iPhone
		{EA0C56DF-1596-495C-9F3E-149CC4B77B04}.Debug|iPhone.ActiveCfg = Debug|iPhone
		{EA0C56DF-1596-495C-9F3E-149CC4B77B04}.Debug|iPhone.Build.0 = Debug|iPhone
		{EA0C56DF-1596-495C-9F3E-149CC4B77B04}.Debug|iPhoneSimulator.ActiveCfg = Debug|iPhoneSimulator
		{EA0C56DF-1596-495C-9F3E-149CC4B77B04}.Debug|iPhoneSimulator.Build.0 = Debug|iPhoneSimulator
		{EA0C56DF-1596-495C-9F3E-149CC4B77B04}.Debug|x64.ActiveCfg = Debug|iPhone
		{EA0C56DF-1596-495C-9F3E-149CC4B77B04}.Debug|x86.ActiveCfg = Debug|iPhone
		{EA0C56DF-1596-495C-9F3E-149CC4B77B04}.Release|Any CPU.ActiveCfg = Release|iPhone
		{EA0C56DF-1596-495C-9F3E-149CC4B77B04}.Release|ARM.ActiveCfg = Release|iPhone
		{EA0C56DF-1596-495C-9F3E-149CC4B77B04}.Release|iPhone.ActiveCfg = Release|iPhone
		{EA0C56DF-1596-495C-9F3E-149CC4B77B04}.Release|iPhone.Build.0 = Release|iPhone
		{EA0C56DF-1596-495C-9F3E-149CC4B77B04}.Release|iPhoneSimulator.ActiveCfg = Release|iPhoneSimulator
		{EA0C56DF-1596-495C-9F3E-149CC4B77B04}.Release|iPhoneSimulator.Build.0 = Release|iPhoneSimulator
		{EA0C56DF-1596-495C-9F3E-149CC4B77B04}.Release|x64.ActiveCfg = Release|iPhone
		{EA0C56DF-1596-495C-9F3E-149CC4B77B04}.Release|x86.ActiveCfg = Release|iPhone
		{ED9F8AE1-E309-44F8-B07F-EFB6F7E42841}.Ad-Hoc|Any CPU.ActiveCfg = Release|x86
		{ED9F8AE1-E309-44F8-B07F-EFB6F7E42841}.Ad-Hoc|Any CPU.Build.0 = Release|x86
		{ED9F8AE1-E309-44F8-B07F-EFB6F7E42841}.Ad-Hoc|Any CPU.Deploy.0 = Release|x86
		{ED9F8AE1-E309-44F8-B07F-EFB6F7E42841}.Ad-Hoc|ARM.ActiveCfg = Release|ARM
		{ED9F8AE1-E309-44F8-B07F-EFB6F7E42841}.Ad-Hoc|ARM.Build.0 = Release|ARM
		{ED9F8AE1-E309-44F8-B07F-EFB6F7E42841}.Ad-Hoc|ARM.Deploy.0 = Release|ARM
		{ED9F8AE1-E309-44F8-B07F-EFB6F7E42841}.Ad-Hoc|iPhone.ActiveCfg = Release|x86
		{ED9F8AE1-E309-44F8-B07F-EFB6F7E42841}.Ad-Hoc|iPhone.Build.0 = Release|x86
		{ED9F8AE1-E309-44F8-B07F-EFB6F7E42841}.Ad-Hoc|iPhone.Deploy.0 = Release|x86
		{ED9F8AE1-E309-44F8-B07F-EFB6F7E42841}.Ad-Hoc|iPhoneSimulator.ActiveCfg = Release|x86
		{ED9F8AE1-E309-44F8-B07F-EFB6F7E42841}.Ad-Hoc|iPhoneSimulator.Build.0 = Release|x86
		{ED9F8AE1-E309-44F8-B07F-EFB6F7E42841}.Ad-Hoc|iPhoneSimulator.Deploy.0 = Release|x86
		{ED9F8AE1-E309-44F8-B07F-EFB6F7E42841}.Ad-Hoc|x64.ActiveCfg = Release|x64
		{ED9F8AE1-E309-44F8-B07F-EFB6F7E42841}.Ad-Hoc|x64.Build.0 = Release|x64
		{ED9F8AE1-E309-44F8-B07F-EFB6F7E42841}.Ad-Hoc|x64.Deploy.0 = Release|x64
		{ED9F8AE1-E309-44F8-B07F-EFB6F7E42841}.Ad-Hoc|x86.ActiveCfg = Release|x86
		{ED9F8AE1-E309-44F8-B07F-EFB6F7E42841}.Ad-Hoc|x86.Build.0 = Release|x86
		{ED9F8AE1-E309-44F8-B07F-EFB6F7E42841}.Ad-Hoc|x86.Deploy.0 = Release|x86
		{ED9F8AE1-E309-44F8-B07F-EFB6F7E42841}.AppStore|Any CPU.ActiveCfg = Release|x86
		{ED9F8AE1-E309-44F8-B07F-EFB6F7E42841}.AppStore|Any CPU.Build.0 = Release|x86
		{ED9F8AE1-E309-44F8-B07F-EFB6F7E42841}.AppStore|Any CPU.Deploy.0 = Release|x86
		{ED9F8AE1-E309-44F8-B07F-EFB6F7E42841}.AppStore|ARM.ActiveCfg = Release|ARM
		{ED9F8AE1-E309-44F8-B07F-EFB6F7E42841}.AppStore|ARM.Build.0 = Release|ARM
		{ED9F8AE1-E309-44F8-B07F-EFB6F7E42841}.AppStore|ARM.Deploy.0 = Release|ARM
		{ED9F8AE1-E309-44F8-B07F-EFB6F7E42841}.AppStore|iPhone.ActiveCfg = Release|x86
		{ED9F8AE1-E309-44F8-B07F-EFB6F7E42841}.AppStore|iPhone.Build.0 = Release|x86
		{ED9F8AE1-E309-44F8-B07F-EFB6F7E42841}.AppStore|iPhone.Deploy.0 = Release|x86
		{ED9F8AE1-E309-44F8-B07F-EFB6F7E42841}.AppStore|iPhoneSimulator.ActiveCfg = Release|x86
		{ED9F8AE1-E309-44F8-B07F-EFB6F7E42841}.AppStore|iPhoneSimulator.Build.0 = Release|x86
		{ED9F8AE1-E309-44F8-B07F-EFB6F7E42841}.AppStore|iPhoneSimulator.Deploy.0 = Release|x86
		{ED9F8AE1-E309-44F8-B07F-EFB6F7E42841}.AppStore|x64.ActiveCfg = Release|x64
		{ED9F8AE1-E309-44F8-B07F-EFB6F7E42841}.AppStore|x64.Build.0 = Release|x64
		{ED9F8AE1-E309-44F8-B07F-EFB6F7E42841}.AppStore|x64.Deploy.0 = Release|x64
		{ED9F8AE1-E309-44F8-B07F-EFB6F7E42841}.AppStore|x86.ActiveCfg = Release|x86
		{ED9F8AE1-E309-44F8-B07F-EFB6F7E42841}.AppStore|x86.Build.0 = Release|x86
		{ED9F8AE1-E309-44F8-B07F-EFB6F7E42841}.AppStore|x86.Deploy.0 = Release|x86
		{ED9F8AE1-E309-44F8-B07F-EFB6F7E42841}.Debug|Any CPU.ActiveCfg = Debug|x86
		{ED9F8AE1-E309-44F8-B07F-EFB6F7E42841}.Debug|ARM.ActiveCfg = Debug|ARM
		{ED9F8AE1-E309-44F8-B07F-EFB6F7E42841}.Debug|ARM.Build.0 = Debug|ARM
		{ED9F8AE1-E309-44F8-B07F-EFB6F7E42841}.Debug|ARM.Deploy.0 = Debug|ARM
		{ED9F8AE1-E309-44F8-B07F-EFB6F7E42841}.Debug|iPhone.ActiveCfg = Debug|x86
		{ED9F8AE1-E309-44F8-B07F-EFB6F7E42841}.Debug|iPhoneSimulator.ActiveCfg = Debug|x86
		{ED9F8AE1-E309-44F8-B07F-EFB6F7E42841}.Debug|x64.ActiveCfg = Debug|x64
		{ED9F8AE1-E309-44F8-B07F-EFB6F7E42841}.Debug|x64.Build.0 = Debug|x64
		{ED9F8AE1-E309-44F8-B07F-EFB6F7E42841}.Debug|x64.Deploy.0 = Debug|x64
		{ED9F8AE1-E309-44F8-B07F-EFB6F7E42841}.Debug|x86.ActiveCfg = Debug|x86
		{ED9F8AE1-E309-44F8-B07F-EFB6F7E42841}.Debug|x86.Build.0 = Debug|x86
		{ED9F8AE1-E309-44F8-B07F-EFB6F7E42841}.Debug|x86.Deploy.0 = Debug|x86
		{ED9F8AE1-E309-44F8-B07F-EFB6F7E42841}.Release|Any CPU.ActiveCfg = Release|x86
		{ED9F8AE1-E309-44F8-B07F-EFB6F7E42841}.Release|ARM.ActiveCfg = Release|ARM
		{ED9F8AE1-E309-44F8-B07F-EFB6F7E42841}.Release|ARM.Build.0 = Release|ARM
		{ED9F8AE1-E309-44F8-B07F-EFB6F7E42841}.Release|ARM.Deploy.0 = Release|ARM
		{ED9F8AE1-E309-44F8-B07F-EFB6F7E42841}.Release|iPhone.ActiveCfg = Release|x86
		{ED9F8AE1-E309-44F8-B07F-EFB6F7E42841}.Release|iPhoneSimulator.ActiveCfg = Release|x86
		{ED9F8AE1-E309-44F8-B07F-EFB6F7E42841}.Release|x64.ActiveCfg = Release|x64
		{ED9F8AE1-E309-44F8-B07F-EFB6F7E42841}.Release|x64.Build.0 = Release|x64
		{ED9F8AE1-E309-44F8-B07F-EFB6F7E42841}.Release|x64.Deploy.0 = Release|x64
		{ED9F8AE1-E309-44F8-B07F-EFB6F7E42841}.Release|x86.ActiveCfg = Release|x86
		{ED9F8AE1-E309-44F8-B07F-EFB6F7E42841}.Release|x86.Build.0 = Release|x86
		{ED9F8AE1-E309-44F8-B07F-EFB6F7E42841}.Release|x86.Deploy.0 = Release|x86
	EndGlobalSection
	GlobalSection(SolutionProperties) = preSolution
		HideSolutionNode = FALSE
	EndGlobalSection
	GlobalSection(ExtensibilityGlobals) = postSolution
		SolutionGuid = {DB19F199-F5C6-4528-9BE2-9606082E0A15}
	EndGlobalSection
EndGlobal
